
Microsoft Visual Studio Solution File, Format Version 12.00
# Visual Studio 15
VisualStudioVersion = 15.0.28307.168
MinimumVisualStudioVersion = 10.0.40219.1
Project("{FAE04EC0-301F-11D3-BF4B-00C04F79EFBC}") = "textanalysistools", "textanalysistools\textanalysistools.csproj", "{C02A99B5-6C05-4FDB-A2E1-24ADFA5EA653}"
EndProject
Global
	GlobalSection(SolutionConfigurationPlatforms) = preSolution
		Debug|Any CPU = Debug|Any CPU
		Release|Any CPU = Release|Any CPU
	EndGlobalSection
	GlobalSection(ProjectConfigurationPlatforms) = postSolution
		{C02A99B5-6C05-4FDB-A2E1-24ADFA5EA653}.Debug|Any CPU.ActiveCfg = Debug|Any CPU
		{C02A99B5-6C05-4FDB-A2E1-24ADFA5EA653}.Debug|Any CPU.Build.0 = Debug|Any CPU
		{C02A99B5-6C05-4FDB-A2E1-24ADFA5EA653}.Release|Any CPU.ActiveCfg = Release|Any CPU
		{C02A99B5-6C05-4FDB-A2E1-24ADFA5EA653}.Release|Any CPU.Build.0 = Release|Any CPU
	EndGlobalSection
	GlobalSection(SolutionProperties) = preSolution
		HideSolutionNode = FALSE
	EndGlobalSection
	GlobalSection(ExtensibilityGlobals) = postSolution
		SolutionGuid = {922C6A80-63C1-4B7E-A2EA-EC9D33043947}
	EndGlobalSection
EndGlobal
